cell-toolbar/preview.gif 2acf35fc27c43d219bedded4204ac0c327c8c90e4b12a63554d94cd48578ad5d
clap-button-message/preview.png 374d91434ecaa8e8d32c6ebc53a7ec32010b78513583177eade7ba5b3d8f7d40
codemirror-extension/preview.png 3695679de313249b8aeeddfa27f8f00064a39242beb6711d5cf4ef35ba2e8273
codemirror-extension/ui-tests/tests/jupyterlab_examples_codemirror_extension.spec.ts-snapshots/codemirror-extension-linux.png f592bd7997af927d3aab4f1c04553fa5cf0ca05c2107b5e23901d5da9e0a5be2
command-palette/preview.png 75b09233ba7add5096b54a46f4856e344dc05ccaa834c77ce73d2538dc4ff166
commands/preview.png ec33c4b49a2827b5fb1725c669c80c883e92752529565ef6d7b2cf3e816bb611
completer/preview.png f08a8f1234eb17cdda22ac9971ec91379591a8a28cd37cab9828dafd7d918b54
completer/ui-tests/tests/completer.spec.ts-snapshots/completer-example-linux.png 31a72cc25e7ad5281e65f2e129d9362fdc787977779dee8d6164c03ee6fdf01b
contentheader/preview.gif b8ab8a2fd7629e326d0bace9eddc34d9f1f9ca1dde2c3d637d10c94fc4832695
context-menu/preview.gif cf81736ab4964d504870a59ba52f678487c9ad6edabbdfe3074880d7d15d5b93
custom-log-console/preview.gif f7ee6aaa2c15832f5b5e62dcfa2a70044d914ad27735ac451028be0e76a64894
datagrid/preview.gif 6cc396d2ebec61ba0a33e74ead0802c2636105c00b5b61f60469f1e26c7398bb
datagrid/ui-tests/tests/datagrid.spec.ts-snapshots/datagrid-example-linux.png b0cfec1ce094ed1bae02cd4c3d244317d8f251860071b9156b6b7e38db333c34
documents/preview.gif 619447a4594234d49b5ce1f7ec1300f2b418eabcbfe1fbab1e535eeba6fa4b5f
documents/preview.png ab833a7fc1836e9d30e7199886214e74dda428f75b9bd48a9657357e2eab1abb
documents/ui-tests/tests/documents.spec.ts-snapshots/documents-example-linux.png 45f1befe4903749c2069e5002a02e01114906ed42472671533cfcd80a847c20a
hello-world/preview.png d20ec8f68d0f85b81e2d3a1705a11e0b5cfae801a25b87dd208f628fa9ac07b0
kernel-messaging/preview.gif 4bc0f1bde0cc34cb156ca4304c4fc24ef4ac1136d80744eae7d843e4c2621405
kernel-messaging/ui-tests/tests/kernel-messaging.spec.ts-snapshots/kernel-messaging-example-linux.png cce14de137f666a2b7087ba3301ed646468f213e9abfe2ccfce0c917b4837ea9
kernel-output/preview.gif 4bca7d373150e32bf696637c871b8db0f8f97e36b09e00f52f750b43e83a05a7
kernel-output/ui-tests/tests/kernel-output.spec.ts-snapshots/kernel-output-example-linux.png 63ac7ad658c18ce49051971b2eabc91af5bc505b9cd3e389979c87a1747d9efe
launcher/preview.gif 73c851a689aacecab69b413c5826417670bf19ee4811f7498de7fd7f0b1edd92
log-messages/preview.gif f2f85e914ecc8c971470d64263caf0485ed77a7abf5a0093b390db80edb68acf
main-menu/preview.png 116ebb6d81528a02c9f0ac3f3810556e98933730e1d4ac5099b8b56a34615b21
metadata-form/preview-advanced.png 2fbff5f77b9fd4e257de878abea848b6dea4035abde1a6fc79db8b0bdbd33d56
metadata-form/preview-simple.png 65ea5689f06401e8b1460ca3d8af1312d9abf2af416280e7d04dd8f93605125e
metadata-form/preview.gif b3a47070da0b15dc8142d6c1f900a65c050508b206ceb6a16ad015a58d8e4d12
metadata-form/ui-tests/tests/metadata-form.spec.ts-snapshots/advanced-form-linux.png 6f392ee78d2ccf67dfcf16eb374fad96e979a2a24f882ebacc428f283bc28b90
metadata-form/ui-tests/tests/metadata-form.spec.ts-snapshots/simple-form-linux.png 66e0c5feea368cd239d6ba74a7cf16d5867ed3bbbb23e5669e8e01325707c10a
mimerenderer/keaton.mp4 5299c8b8f2cbbe7ff6b47739266971ec0034a1bda30cee6f49e90af936a86dbc
mimerenderer/preview.png 267591c4fba1a0dc43aed6e7e29895a4cdf5accd9d6b3193323fc8ec1d63e116
mimerenderer/ui-tests/tests/jupyterlab_examples_mimerenderer.spec.ts-snapshots/mp4-file-linux.png bcab8202ed1743f2bbbe160cd8b8b22a624f37570dc6460d534659deab6feecb
notifications/preview.gif 1931a9569fc230635d07dfb3e3fdc7ae7def8d3e3be46765039f1de71717d75d
notifications/ui-tests/tests/jupyterlab_examples_notifications.spec.ts-snapshots/notifications-linux.png 01f1b11a609a91fc45aeea40543d31e765be1118427c354c7413c4d2b9a72a66
react-widget/preview.gif 3f6af0d6a5e562b5fbb6f7ead92116aaf99466373c33848ad2570d818807b7e1
react-widget/preview2.gif 62fd68306b99366f95337c9cdc93219fc5a9863546c5576d44dd8430fd1aec57
react-widget/ui-tests/tests/react-widget.spec.ts-snapshots/react-widget-example-linux.png f921828f50943a9c9017c8989e370da952a55eb4e083efc18991c27a68b11a99
server-extension/preview.png 86adf71bb035548125625f05a55cb112785f0c6f04ca77abf8843dbbead0fa65
settings/preview.gif 9fc10c5d894cb1d85dc95a6e979b081f1fb2c19c759bf335a44bdd22ddb518ef
signals/preview.png e1b623bf91446918aab4d4fafacc3e0d6fd04efe9ababae87913f67c219e3347
signals/ui-tests/tests/signals.spec.ts-snapshots/signals-example-linux.png c4c5c5cb1ad308c147293ff7c05057ee6964268cdc6b9e00c47c750cae845dff
state/preview.gif 5c97a4bc4f59eb9c389990a0fbc9b4dfb3d921304a0d0b33e4e7982c30ba1dd0
toolbar-button/preview.gif 603d575fd9deac38c7527084d1e8cde40cc6b7d0ca4a537d65319691aafef1c4
widgets/preview.png a107a01ea154b2d296ce5046c9d8ffd9e5de025de2dc3fab1551b92972f8b524
widgets/ui-tests/tests/widgets.spec.ts-snapshots/widgets-example-linux.png 62cc11cd52c27088e34ff48b0ef32a21993b5a22ad55098aad3c16fff51404c2
